
Microsoft Visual Studio Solution File, Format Version 11.00
# Visual Studio 2010
Project("{FAE04EC0-301F-11D3-BF4B-00C04F79EFBC}") = "monuments_v1", "Assembly-CSharp-firstpass.csproj", "{EA25DFC7-2C02-2C72-C54F-E369A90D3018}"
EndProject
Project("{FAE04EC0-301F-11D3-BF4B-00C04F79EFBC}") = "monuments_v1", "Assembly-CSharp.csproj", "{8BEC79DE-AB6E-A66E-6448-CE05C826A64B}"
EndProject
Project("{FAE04EC0-301F-11D3-BF4B-00C04F79EFBC}") = "monuments_v1", "Assembly-CSharp-Editor.csproj", "{51C860E4-B947-9163-2AFE-17771A299BDE}"
EndProject
Global
	GlobalSection(SolutionConfigurationPlatforms) = preSolution
		Debug|Any CPU = Debug|Any CPU
		Release|Any CPU = Release|Any CPU
	EndGlobalSection
	GlobalSection(ProjectConfigurationPlatforms) = postSolution
		{EA25DFC7-2C02-2C72-C54F-E369A90D3018}.Debug|Any CPU.ActiveCfg = Debug|Any CPU
		{EA25DFC7-2C02-2C72-C54F-E369A90D3018}.Debug|Any CPU.Build.0 = Debug|Any CPU
		{EA25DFC7-2C02-2C72-C54F-E369A90D3018}.Release|Any CPU.ActiveCfg = Release|Any CPU
		{EA25DFC7-2C02-2C72-C54F-E369A90D3018}.Release|Any CPU.Build.0 = Release|Any CPU
		{8BEC79DE-AB6E-A66E-6448-CE05C826A64B}.Debug|Any CPU.ActiveCfg = Debug|Any CPU
		{8BEC79DE-AB6E-A66E-6448-CE05C826A64B}.Debug|Any CPU.Build.0 = Debug|Any CPU
		{8BEC79DE-AB6E-A66E-6448-CE05C826A64B}.Release|Any CPU.ActiveCfg = Release|Any CPU
		{8BEC79DE-AB6E-A66E-6448-CE05C826A64B}.Release|Any CPU.Build.0 = Release|Any CPU
		{51C860E4-B947-9163-2AFE-17771A299BDE}.Debug|Any CPU.ActiveCfg = Debug|Any CPU
		{51C860E4-B947-9163-2AFE-17771A299BDE}.Debug|Any CPU.Build.0 = Debug|Any CPU
		{51C860E4-B947-9163-2AFE-17771A299BDE}.Release|Any CPU.ActiveCfg = Release|Any CPU
		{51C860E4-B947-9163-2AFE-17771A299BDE}.Release|Any CPU.Build.0 = Release|Any CPU
	EndGlobalSection
	GlobalSection(SolutionProperties) = preSolution
		HideSolutionNode = FALSE
	EndGlobalSection
	GlobalSection(MonoDevelopProperties) = preSolution
		StartupItem = Assembly-CSharp.csproj
	EndGlobalSection
EndGlobal
